{
  "object": {
    "pins": [
      {
        "package": "ActiveLabel",
        "repositoryURL": "https://github.com/TwidereProject/ActiveLabel.swift",
        "state": {
          "branch": null,
          "revision": "58bfd297d926550c1964e9ec11a245439e150b6b",
          "version": "2.0.0"
        }
      }
    ]
  },
  "version": 1
}
