{
  "object": {
    "pins": [
      {
        "package": "ActiveLabel",
        "repositoryURL": "https://github.com/TwidereProject/ActiveLabel.swift",
        "state": {
          "branch": null,
          "revision": "3d8115c992c44358eabbb21ffc4616f4d56028b1",
          "version": "3.0.0"
        }
      }
    ]
  },
  "version": 1
}
