{
  "object": {
    "pins": [
      {
        "package": "ActiveLabel",
        "repositoryURL": "https://github.com/TwidereProject/ActiveLabel.swift",
        "state": {
          "branch": null,
          "revision": "5c995d517a59ccf4a940ce6d19f6e5305cdb4147",
          "version": "1.2.0"
        }
      }
    ]
  },
  "version": 1
}
